
Microsoft Visual Studio Solution File, Format Version 12.00
# Visual Studio 15
VisualStudioVersion = 15.0.27130.2027
MinimumVisualStudioVersion = 10.0.40219.1
Project("{FAE04EC0-301F-11D3-BF4B-00C04F79EFBC}") = "NumSortingGUI", "NumSortingGUI\NumSortingGUI.csproj", "{8F66042C-E2EF-4A82-85AD-F8E3771E2590}"
EndProject
Global
	GlobalSection(SolutionConfigurationPlatforms) = preSolution
		Debug|Any CPU = Debug|Any CPU
		Release|Any CPU = Release|Any CPU
	EndGlobalSection
	GlobalSection(ProjectConfigurationPlatforms) = postSolution
		{8F66042C-E2EF-4A82-85AD-F8E3771E2590}.Debug|Any CPU.ActiveCfg = Debug|Any CPU
		{8F66042C-E2EF-4A82-85AD-F8E3771E2590}.Debug|Any CPU.Build.0 = Debug|Any CPU
		{8F66042C-E2EF-4A82-85AD-F8E3771E2590}.Release|Any CPU.ActiveCfg = Release|Any CPU
		{8F66042C-E2EF-4A82-85AD-F8E3771E2590}.Release|Any CPU.Build.0 = Release|Any CPU
	EndGlobalSection
	GlobalSection(SolutionProperties) = preSolution
		HideSolutionNode = FALSE
	EndGlobalSection
	GlobalSection(ExtensibilityGlobals) = postSolution
		SolutionGuid = {7BF6E9B6-0DE4-4F3E-872F-FC63DBF88F5D}
	EndGlobalSection
EndGlobal
